
Microsoft Visual Studio Solution File, Format Version 12.00
# Visual Studio Version 17
VisualStudioVersion = 17.1.32421.90
MinimumVisualStudioVersion = 10.0.40219.1
Project("{FAE04EC0-301F-11D3-BF4B-00C04F79EFBC}") = "Practica", "Practica\Practica.csproj", "{2E37B804-6C73-4575-9078-3273128812C8}"
EndProject
Project("{FAE04EC0-301F-11D3-BF4B-00C04F79EFBC}") = "Futbol", "..\Plantillas\Futbol\Futbol.csproj", "{CACC9DA9-A482-41CC-8500-74271DD9B4CB}"
EndProject
Global
	GlobalSection(SolutionConfigurationPlatforms) = preSolution
		Debug|Any CPU = Debug|Any CPU
		Release|Any CPU = Release|Any CPU
	EndGlobalSection
	GlobalSection(ProjectConfigurationPlatforms) = postSolution
		{2E37B804-6C73-4575-9078-3273128812C8}.Debug|Any CPU.ActiveCfg = Debug|Any CPU
		{2E37B804-6C73-4575-9078-3273128812C8}.Debug|Any CPU.Build.0 = Debug|Any CPU
		{2E37B804-6C73-4575-9078-3273128812C8}.Release|Any CPU.ActiveCfg = Release|Any CPU
		{2E37B804-6C73-4575-9078-3273128812C8}.Release|Any CPU.Build.0 = Release|Any CPU
		{CACC9DA9-A482-41CC-8500-74271DD9B4CB}.Debug|Any CPU.ActiveCfg = Debug|Any CPU
		{CACC9DA9-A482-41CC-8500-74271DD9B4CB}.Debug|Any CPU.Build.0 = Debug|Any CPU
		{CACC9DA9-A482-41CC-8500-74271DD9B4CB}.Release|Any CPU.ActiveCfg = Release|Any CPU
		{CACC9DA9-A482-41CC-8500-74271DD9B4CB}.Release|Any CPU.Build.0 = Release|Any CPU
	EndGlobalSection
	GlobalSection(SolutionProperties) = preSolution
		HideSolutionNode = FALSE
	EndGlobalSection
	GlobalSection(ExtensibilityGlobals) = postSolution
		SolutionGuid = {7F61951D-91FD-473E-BA48-51A40A8B0903}
	EndGlobalSection
EndGlobal
